# THIS IS A PLACEHOLDER LOCKFILE
# yarn lockfile v1
# Railway will regenerate this during the first build with: yarn install
#
# This file signals to Railway that this project uses yarn as its package manager
# Do not edit manually - Railway's yarn install command will update this automatically

# Strapi v5.18.1 and dependencies
# This lockfile will be generated by yarn during the Railway build process
