# THIS FILE IS AUTOMATICALLY @GENERATED BY YARN. DO NOT EDIT THIS FILE DIRECTLY.
# yarn lockfile v1

"@strapi/plugin-users-permissions@^5.18.1":
  version "5.18.1"
  resolved "https://registry.npmjs.org/@strapi/plugin-users-permissions/-/plugin-users-permissions-5.18.1.tgz"

"@strapi/provider-upload-local@^5.18.1":
  version "5.18.1"
  resolved "https://registry.npmjs.org/@strapi/provider-upload-local/-/provider-upload-local-5.18.1.tgz"

"@strapi/strapi@^5.18.1":
  version "5.18.1"
  resolved "https://registry.npmjs.org/@strapi/strapi/-/strapi-5.18.1.tgz"

pg@8.8.0:
  version "8.8.0"
  resolved "https://registry.npmjs.org/pg/-/pg-8.8.0.tgz"

"react@^18.0.0":
  version "18.3.1"
  resolved "https://registry.npmjs.org/react/-/react-18.3.1.tgz"

"react-dom@^18.0.0":
  version "18.3.1"
  resolved "https://registry.npmjs.org/react-dom/-/react-dom-18.3.1.tgz"

"react-router-dom@^6.0.0":
  version "6.20.0"
  resolved "https://registry.npmjs.org/react-router-dom/-/react-router-dom-6.20.0.tgz"

"styled-components@^6.0.0":
  version "6.1.0"
  resolved "https://registry.npmjs.org/styled-components/-/styled-components-6.1.0.tgz"

