# This file is automatically @generated by Poetry 2.4.1 and should not be changed by hand.

[[package]]
name = "anyio"
version = "4.13.0"
description = "High-level concurrency and networking framework on top of asyncio or Trio"
optional = false
python-versions = ">=3.10"
groups = ["main"]
files = [
    {file = "anyio-4.13.0-py3-none-any.whl", hash = "sha256:08b310f9e24a9594186fd75b4f73f4a4152069e3853f1ed8bfbf58369f4ad708"},
    {file = "anyio-4.13.0.tar.gz", hash = "sha256:334b70e641fd2221c1505b3890c69882fe4a2df910cba14d97019b90b24439dc"},
]

[package.dependencies]
exceptiongroup = {version = ">=1.0.2", markers = "python_version < \"3.11\""}
idna = ">=2.8"
typing_extensions = {version = ">=4.5", markers = "python_version < \"3.13\""}

[package.extras]
trio = ["trio (>=0.32.0)"]

[[package]]
name = "async-timeout"
version = "5.0.1"
description = "Timeout context manager for asyncio programs"
optional = false
python-versions = ">=3.8"
groups = ["main"]
markers = "python_version == \"3.10\""
files = [
    {file = "async_timeout-5.0.1-py3-none-any.whl", hash = "sha256:39e3809566ff85354557ec2398b55e096c8364bacac9405a7a1fa429e77fe76c"},
    {file = "async_timeout-5.0.1.tar.gz", hash = "sha256:d9321a7a3d5a6a5e187e824d2fa0793ce379a202935782d555d6e9d2735677d3"},
]

[[package]]
name = "asyncpg"
version = "0.31.0"
description = "An asyncio PostgreSQL driver"
optional = false
python-versions = ">=3.9.0"
groups = ["main"]
files = [
    {file = "asyncpg-0.31.0-cp310-cp310-macosx_10_9_x86_64.whl", hash = "sha256:831712dd3cf117eec68575a9b50da711893fd63ebe277fc155ecae1c6c9f0f61"},
    {file = "asyncpg-0.31.0-cp310-cp310-macosx_11_0_arm64.whl", hash = "sha256:0b17c89312c2f4ccea222a3a6571f7df65d4ba2c0e803339bfc7bed46a96d3be"},
    {file = "asyncpg-0.31.0-cp310-cp310-manylinux2014_aarch64.manylinux_2_17_aarch64.manylinux_2_28_aarch64.whl", hash = "sha256:3faa62f997db0c9add34504a68ac2c342cfee4d57a0c3062fcf0d86c7f9cb1e8"},
    {file = "asyncpg-0.31.0-cp310-cp310-manylinux2014_x86_64.manylinux_2_17_x86_64.manylinux_2_28_x86_64.whl", hash = "sha256:8ea599d45c361dfbf398cb67da7fd052affa556a401482d3ff1ee99bd68808a1"},
    {file = "asyncpg-0.31.0-cp310-cp310-musllinux_1_2_aarch64.whl", hash = "sha256:795416369c3d284e1837461909f58418ad22b305f955e625a4b3a2521d80a5f3"},
    {file = "asyncpg-0.31.0-cp310-cp310-musllinux_1_2_x86_64.whl", hash = "sha256:a8d758dac9d2e723e173d286ef5e574f0b350ec00e9186fce84d0fc5f6a8e6b8"},
    {file = "asyncpg-0.31.0-cp310-cp310-win32.whl", hash = "sha256:2d076d42eb583601179efa246c5d7ae44614b4144bc1c7a683ad1222814ed095"},
    {file = "asyncpg-0.31.0-cp310-cp310-win_amd64.whl", hash = "sha256:9ea33213ac044171f4cac23740bed9a3805abae10e7025314cfbd725ec670540"},
    {file = "asyncpg-0.31.0-cp311-cp311-macosx_10_9_x86_64.whl", hash = "sha256:eee690960e8ab85063ba93af2ce128c0f52fd655fdff9fdb1a28df01329f031d"},
    {file = "asyncpg-0.31.0-cp311-cp311-macosx_11_0_arm64.whl", hash = "sha256:2657204552b75f8288de08ca60faf4a99a65deef3a71d1467454123205a88fab"},
    {file = "asyncpg-0.31.0-cp311-cp311-manylinux2014_aarch64.manylinux_2_17_aarch64.manylinux_2_28_aarch64.whl", hash = "sha256:a429e842a3a4b4ea240ea52d7fe3f82d5149853249306f7ff166cb9948faa46c"},
    {file = "asyncpg-0.31.0-cp311-cp311-manylinux2014_x86_64.manylinux_2_17_x86_64.manylinux_2_28_x86_64.whl", hash = "sha256:c0807be46c32c963ae40d329b3a686356e417f674c976c07fa49f1b30303f109"},
    {file = "asyncpg-0.31.0-cp311-cp311-musllinux_1_2_aarch64.whl", hash = "sha256:e5d5098f63beeae93512ee513d4c0c53dc12e9aa2b7a1af5a81cddf93fe4e4da"},
    {file = "asyncpg-0.31.0-cp311-cp311-musllinux_1_2_x86_64.whl", hash = "sha256:37fc6c00a814e18eef51833545d1891cac9aa69140598bb076b4cd29b3e010b9"},
    {file = "asyncpg-0.31.0-cp311-cp311-win32.whl", hash = "sha256:5a4af56edf82a701aece93190cc4e094d2df7d33f6e915c222fb09efbb5afc24"},
    {file = "asyncpg-0.31.0-cp311-cp311-win_amd64.whl", hash = "sha256:480c4befbdf079c14c9ca43c8c5e1fe8b6296c96f1f927158d4f1e750aacc047"},
    {file = "asyncpg-0.31.0-cp312-cp312-macosx_10_13_x86_64.whl", hash = "sha256:b44c31e1efc1c15188ef183f287c728e2046abb1d26af4d20858215d50d91fad"},
    {file = "asyncpg-0.31.0-cp312-cp312-macosx_11_0_arm64.whl", hash = "sha256:0c89ccf741c067614c9b5fc7f1fc6f3b61ab05ae4aaa966e6fd6b93097c7d20d"},
    {file = "asyncpg-0.31.0-cp312-cp312-manylinux_2_28_aarch64.whl", hash = "sha256:12b3b2e39dc5470abd5e98c8d3373e4b1d1234d9fbdedf538798b2c13c64460a"},
    {file = "asyncpg-0.31.0-cp312-cp312-manylinux_2_28_x86_64.whl", hash = "sha256:aad7a33913fb8bcb5454313377cc330fbb19a0cd5faa7272407d8a0c4257b671"},
    {file = "asyncpg-0.31.0-cp312-cp312-musllinux_1_2_aarch64.whl", hash = "sha256:3df118d94f46d85b2e434fd62c84cb66d5834d5a890725fe625f498e72e4d5ec"},
    {file = "asyncpg-0.31.0-cp312-cp312-musllinux_1_2_x86_64.whl", hash = "sha256:bd5b6efff3c17c3202d4b37189969acf8927438a238c6257f66be3c426beba20"},
    {file = "asyncpg-0.31.0-cp312-cp312-win32.whl", hash = "sha256:027eaa61361ec735926566f995d959ade4796f6a49d3bde17e5134b9964f9ba8"},
    {file = "asyncpg-0.31.0-cp312-cp312-win_amd64.whl", hash = "sha256:72d6bdcbc93d608a1158f17932de2321f68b1a967a13e014998db87a72ed3186"},
    {file = "asyncpg-0.31.0-cp313-cp313-macosx_10_13_x86_64.whl", hash = "sha256:c204fab1b91e08b0f47e90a75d1b3c62174dab21f670ad6c5d0f243a228f015b"},
    {file = "asyncpg-0.31.0-cp313-cp313-macosx_11_0_arm64.whl", hash = "sha256:54a64f91839ba59008eccf7aad2e93d6e3de688d796f35803235ea1c4898ae1e"},
    {file = "asyncpg-0.31.0-cp313-cp313-manylinux2014_aarch64.manylinux_2_17_aarch64.manylinux_2_28_aarch64.whl", hash = "sha256:c0e0822b1038dc7253b337b0f3f676cadc4ac31b126c5d42691c39691962e403"},
    {file = "asyncpg-0.31.0-cp313-cp313-manylinux2014_x86_64.manylinux_2_17_x86_64.manylinux_2_28_x86_64.whl", hash = "sha256:bef056aa502ee34204c161c72ca1f3c274917596877f825968368b2c33f585f4"},
    {file = "asyncpg-0.31.0-cp313-cp313-musllinux_1_2_aarch64.whl", hash = "sha256:0bfbcc5b7ffcd9b75ab1558f00db2ae07db9c80637ad1b2469c43df79d7a5ae2"},
    {file = "asyncpg-0.31.0-cp313-cp313-musllinux_1_2_x86_64.whl", hash = "sha256:22bc525ebbdc24d1261ecbf6f504998244d4e3be1721784b5f64664d61fbe602"},
    {file = "asyncpg-0.31.0-cp313-cp313-win32.whl", hash = "sha256:f890de5e1e4f7e14023619399a471ce4b71f5418cd67a51853b9910fdfa73696"},
    {file = "asyncpg-0.31.0-cp313-cp313-win_amd64.whl", hash = "sha256:dc5f2fa9916f292e5c5c8b2ac2813763bcd7f58e130055b4ad8a0531314201ab"},
    {file = "asyncpg-0.31.0-cp314-cp314-macosx_10_15_x86_64.whl", hash = "sha256:f6b56b91bb0ffc328c4e3ed113136cddd9deefdf5f79ab448598b9772831df44"},
    {file = "asyncpg-0.31.0-cp314-cp314-macosx_11_0_arm64.whl", hash = "sha256:334dec28cf20d7f5bb9e45b39546ddf247f8042a690bff9b9573d00086e69cb5"},
    {file = "asyncpg-0.31.0-cp314-cp314-manylinux2014_aarch64.manylinux_2_17_aarch64.manylinux_2_28_aarch64.whl", hash = "sha256:98cc158c53f46de7bb677fd20c417e264fc02b36d901cc2a43bd6cb0dc6dbfd2"},
    {file = "asyncpg-0.31.0-cp314-cp314-manylinux2014_x86_64.manylinux_2_17_x86_64.manylinux_2_28_x86_64.whl", hash = "sha256:9322b563e2661a52e3cdbc93eed3be7748b289f792e0011cb2720d278b366ce2"},
    {file = "asyncpg-0.31.0-cp314-cp314-musllinux_1_2_aarch64.whl", hash = "sha256:19857a358fc811d82227449b7ca40afb46e75b33eb8897240c3839dd8b744218"},
    {file = "asyncpg-0.31.0-cp314-cp314-musllinux_1_2_x86_64.whl", hash = "sha256:ba5f8886e850882ff2c2ace5732300e99193823e8107e2c53ef01c1ebfa1e85d"},
    {file = "asyncpg-0.31.0-cp314-cp314-win32.whl", hash = "sha256:cea3a0b2a14f95834cee29432e4ddc399b95700eb1d51bbc5bfee8f31fa07b2b"},
    {file = "asyncpg-0.31.0-cp314-cp314-win_amd64.whl", hash = "sha256:04d19392716af6b029411a0264d92093b6e5e8285ae97a39957b9a9c14ea72be"},
    {file = "asyncpg-0.31.0-cp314-cp314t-macosx_10_15_x86_64.whl", hash = "sha256:bdb957706da132e982cc6856bb2f7b740603472b54c3ebc77fe60ea3e57e1bd2"},
    {file = "asyncpg-0.31.0-cp314-cp314t-macosx_11_0_arm64.whl", hash = "sha256:6d11b198111a72f47154fa03b85799f9be63701e068b43f84ac25da0bda9cb31"},
    {file = "asyncpg-0.31.0-cp314-cp314t-manylinux2014_aarch64.manylinux_2_17_aarch64.manylinux_2_28_aarch64.whl", hash = "sha256:18c83b03bc0d1b23e6230f5bf8d4f217dc9bc08644ce0502a9d91dc9e634a9c7"},
    {file = "asyncpg-0.31.0-cp314-cp314t-manylinux2014_x86_64.manylinux_2_17_x86_64.manylinux_2_28_x86_64.whl", hash = "sha256:e009abc333464ff18b8f6fd146addffd9aaf63e79aa3bb40ab7a4c332d0c5e9e"},
    {file = "asyncpg-0.31.0-cp314-cp314t-musllinux_1_2_aarch64.whl", hash = "sha256:3b1fbcb0e396a5ca435a8826a87e5c2c2cc0c8c68eb6fadf82168056b0e53a8c"},
    {file = "asyncpg-0.31.0-cp314-cp314t-musllinux_1_2_x86_64.whl", hash = "sha256:8df714dba348efcc162d2adf02d213e5fab1bd9f557e1305633e851a61814a7a"},
    {file = "asyncpg-0.31.0-cp314-cp314t-win32.whl", hash = "sha256:1b41f1afb1033f2b44f3234993b15096ddc9cd71b21a42dbd87fc6a57b43d65d"},
    {file = "asyncpg-0.31.0-cp314-cp314t-win_amd64.whl", hash = "sha256:bd4107bb7cdd0e9e65fae66a62afd3a249663b844fa34d479f6d5b3bef9c04c3"},
    {file = "asyncpg-0.31.0-cp39-cp39-macosx_10_9_x86_64.whl", hash = "sha256:ebb3cde58321a1f89ce41812be3f2a98dddedc1e76d0838aba1d724f1e4e1a95"},
    {file = "asyncpg-0.31.0-cp39-cp39-macosx_11_0_arm64.whl", hash = "sha256:e6974f36eb9a224d8fb428bcf66bd411aa12cf57c2967463178149e73d4de366"},
    {file = "asyncpg-0.31.0-cp39-cp39-manylinux2014_aarch64.manylinux_2_17_aarch64.manylinux_2_28_aarch64.whl", hash = "sha256:bc2b685f400ceae428f79f78b58110470d7b4466929a7f78d455964b17ad1008"},
    {file = "asyncpg-0.31.0-cp39-cp39-manylinux2014_x86_64.manylinux_2_17_x86_64.manylinux_2_28_x86_64.whl", hash = "sha256:bb223567dea5f47c45d347f2bde5486be8d9f40339f27217adb3fb1c3be51298"},
    {file = "asyncpg-0.31.0-cp39-cp39-musllinux_1_2_aarch64.whl", hash = "sha256:22be6e02381bab3101cd502d9297ac71e2f966c86e20e78caead9934c98a8af6"},
    {file = "asyncpg-0.31.0-cp39-cp39-musllinux_1_2_x86_64.whl", hash = "sha256:37a58919cfef2448a920df00d1b2f821762d17194d0dbf355d6dde8d952c04f9"},
    {file = "asyncpg-0.31.0-cp39-cp39-win32.whl", hash = "sha256:c1a9c5b71d2371a2290bc93336cd05ba4ec781683cab292adbddc084f89443c6"},
    {file = "asyncpg-0.31.0-cp39-cp39-win_amd64.whl", hash = "sha256:c1e1ab5bc65373d92dd749d7308c5b26fb2dc0fbe5d3bf68a32b676aa3bcd24a"},
    {file = "asyncpg-0.31.0.tar.gz", hash = "sha256:c989386c83940bfbd787180f2b1519415e2d3d6277a70d9d0f0145ac73500735"},
]

[package.dependencies]
async_timeout = {version = ">=4.0.3", markers = "python_version < \"3.11.0\""}

[package.extras]
gssauth = ["gssapi ; platform_system != \"Windows\"", "sspilib ; platform_system == \"Windows\""]

[[package]]
name = "certifi"
version = "2026.4.22"
description = "Python package for providing Mozilla's CA Bundle."
optional = false
python-versions = ">=3.7"
groups = ["main"]
files = [
    {file = "certifi-2026.4.22-py3-none-any.whl", hash = "sha256:3cb2210c8f88ba2318d29b0388d1023c8492ff72ecdde4ebdaddbb13a31b1c4a"},
    {file = "certifi-2026.4.22.tar.gz", hash = "sha256:8d455352a37b71bf76a79caa83a3d6c25afee4a385d632127b6afb3963f1c580"},
]

[[package]]
name = "exceptiongroup"
version = "1.3.1"
description = "Backport of PEP 654 (exception groups)"
optional = false
python-versions = ">=3.7"
groups = ["main"]
markers = "python_version == \"3.10\""
files = [
    {file = "exceptiongroup-1.3.1-py3-none-any.whl", hash = "sha256:a7a39a3bd276781e98394987d3a5701d0c4edffb633bb7a5144577f82c773598"},
    {file = "exceptiongroup-1.3.1.tar.gz", hash = "sha256:8b412432c6055b0b7d14c310000ae93352ed6754f70fa8f7c34141f91c4e3219"},
]

[package.dependencies]
typing-extensions = {version = ">=4.6.0", markers = "python_version < \"3.13\""}

[package.extras]
test = ["pytest (>=6)"]

[[package]]
name = "googleapis-common-protos"
version = "1.74.0"
description = "Common protobufs used in Google APIs"
optional = false
python-versions = ">=3.9"
groups = ["tracing"]
files = [
    {file = "googleapis_common_protos-1.74.0-py3-none-any.whl", hash = "sha256:702216f78610bb510e3f12ac3cafd281b7ac45cc5d86e90ad87e4d301a3426b5"},
    {file = "googleapis_common_protos-1.74.0.tar.gz", hash = "sha256:57971e4eeeba6aad1163c1f0fc88543f965bb49129b8bb55b2b7b26ecab084f1"},
]

[package.dependencies]
protobuf = ">=4.25.8,<8.0.0"

[package.extras]
grpc = ["grpcio (>=1.44.0,<2.0.0)"]

[[package]]
name = "grpcio"
version = "1.83.1"
description = "HTTP/2-based RPC framework"
optional = false
python-versions = ">=3.10"
groups = ["tracing"]
files = [
    {file = "grpcio-1.83.1-cp310-cp310-linux_armv7l.whl", hash = "sha256:1fea1ae4795d4790579995a4dd5e20e7494d358e29a340e8368dab9723264328"},
    {file = "grpcio-1.83.1-cp310-cp310-macosx_11_0_universal2.whl", hash = "sha256:b7ace1f740b36fcd451a1bb96f71ee7650e60b308822baeb66a023965bc27f4b"},
    {file = "grpcio-1.83.1-cp310-cp310-manylinux2014_aarch64.manylinux_2_17_aarch64.whl", hash = "sha256:2a141f7bfc1601a0942405a8af6334ab21ba1dd0fa49b8427686df7beebd374d"},
    {file = "grpcio-1.83.1-cp310-cp310-manylinux2014_i686.manylinux_2_17_i686.whl", hash = "sha256:c7e9e19413d43077d5a5c77b02ff82610209088e8f98da929347bc03d4c848d1"},
    {file = "grpcio-1.83.1-cp310-cp310-manylinux2014_x86_64.manylinux_2_17_x86_64.whl", hash = "sha256:b59eaaeeb03dde0a2708095fb50f1afa94f11dc1b459bb7790b53bfb8cf95153"},
    {file = "grpcio-1.83.1-cp310-cp310-musllinux_1_2_aarch64.whl", hash = "sha256:4e7c1468cf37cca17ab18bc8072901eed8daeb81685589ccd07988e5a750ee67"},
    {file = "grpcio-1.83.1-cp310-cp310-musllinux_1_2_i686.whl", hash = "sha256:a4a87dc86b0393257a11eb11e911c4c3456cbacd1c1ab9e9441060d9a3ad126b"},
    {file = "grpcio-1.83.1-cp310-cp310-musllinux_1_2_x86_64.whl", hash = "sha256:d0dda8af248f6971555e1d4425f64864ce4e7369c5f8ef57c3e82a9bef77e22f"},
    {file = "grpcio-1.83.1-cp310-cp310-win32.whl", hash = "sha256:0f736f8359cf7cb8d0914a290999765a4342b0c35f01adc6e3ba24598f9d62b7"},
    {file = "grpcio-1.83.1-cp310-cp310-win_amd64.whl", hash = "sha256:7d43e3bd2b7d749c2dbd41c2cc83d550c3343d299a19acbbba9e37ad8c11fa8e"},
    {file = "grpcio-1.83.1-cp311-cp311-linux_armv7l.whl", hash = "sha256:907a5e5afb31f7a46376afc1a1edddd7afa00a74bbbc5b78979bbc34479581f6"},
    {file = "grpcio-1.83.1-cp311-cp311-macosx_11_0_universal2.whl", hash = "sha256:547645f02499c972f3edec9be4db9997f1d03df307c1c199772342ed6d8b3c6d"},
    {file = "grpcio-1.83.1-cp311-cp311-manylinux2014_aarch64.manylinux_2_17_aarch64.whl", hash = "sha256:34f1841fc6d1d76f8a2d74177eafa2d1ec7d7e039633488c9fcc1b375a1fc165"},
    {file = "grpcio-1.83.1-cp311-cp311-manylinux2014_i686.manylinux_2_17_i686.whl", hash = "sha256:05ba265193fbd9f63355311ec7567bba32a72aeb8e9fd7b3443e4fcad87b0750"},
    {file = "grpcio-1.83.1-cp311-cp311-manylinux2014_x86_64.manylinux_2_17_x86_64.whl", hash = "sha256:5cce1d9fe2887239f054dc9c314597e04f33d2e6bd3150a91c4946d7e5be5d98"},
    {file = "grpcio-1.83.1-cp311-cp311-musllinux_1_2_aarch64.whl", hash = "sha256:f732feb060ef57c1a040c24cee072ba9fab99bd0a7d2c916ef3f1c4d84b98974"},
    {file = "grpcio-1.83.1-cp311-cp311-musllinux_1_2_i686.whl", hash = "sha256:145b0050d24eb38accd9dc7ae09a3c09b8e7330159f3cfb46b1dba8711d50c42"},
    {file = "grpcio-1.83.1-cp311-cp311-musllinux_1_2_x86_64.whl", hash = "sha256:e844cdb25c3c93c7572e0a37137c12305efea493be4eb65801b3ee93f180c186"},
    {file = "grpcio-1.83.1-cp311-cp311-win32.whl", hash = "sha256:0d07661944477517b12a239e18720c8d9038f80a62f2c56260fae80327f43d2a"},
    {file = "grpcio-1.83.1-cp311-cp311-win_amd64.whl", hash = "sha256:e572da3e247b28a98f46636d33c756e81ffb0f5def96c231ba45332333060595"},
    {file = "grpcio-1.83.1-cp312-cp312-linux_armv7l.whl", hash = "sha256:5acd14c6ddf047de62cbf8745b11103ea91abbf57d1b8edd5395ccd9fcd13abb"},
    {file = "grpcio-1.83.1-cp312-cp312-macosx_11_0_universal2.whl", hash = "sha256:16138031a47b771860a16a975b53087f4fd5bbdbb2c03a188c5d90ad65d2bdae"},
    {file = "grpcio-1.83.1-cp312-cp312-manylinux2014_aarch64.manylinux_2_17_aarch64.whl", hash = "sha256:5ccc26715fd4defca5e129e280dd883b1737b65045ec50ffe22ce42104089519"},
    {file = "grpcio-1.83.1-cp312-cp312-manylinux2014_i686.manylinux_2_17_i686.whl", hash = "sha256:b74f2a1d9ab1dfa3e263ef33d581613679b78d0884babf11671af26e45570ead"},
    {file = "grpcio-1.83.1-cp312-cp312-manylinux2014_x86_64.manylinux_2_17_x86_64.whl", hash = "sha256:72578aa07a4008f17521ef52debcc3acfd1e2c5426243bc3ffb56a38bfe610b7"},
    {file = "grpcio-1.83.1-cp312-cp312-musllinux_1_2_aarch64.whl", hash = "sha256:c12e1fc59c6dc26d10d9144453ddc6cbfe4cd4c31e874ed2d0132f88e685eb8b"},
    {file = "grpcio-1.83.1-cp312-cp312-musllinux_1_2_i686.whl", hash = "sha256:4910b62f7d12197160bfb7de06d876d64dd12d43483e8292f98f49ca09b628d9"},
    {file = "grpcio-1.83.1-cp312-cp312-musllinux_1_2_x86_64.whl", hash = "sha256:9e703effe3ae779925c82ac24fdb82cf4105e1096810151ed9501c5f34546b9c"},
    {file = "grpcio-1.83.1-cp312-cp312-win32.whl", hash = "sha256:a2aea8bd6e0a34f12cbaddb7bb70bec836818789fa5c7ab7572c6b745396a2d4"},
    {file = "grpcio-1.83.1-cp312-cp312-win_amd64.whl", hash = "sha256:583bf2e8255040a4a312f9572dfe62a05271437b149550e1a536d5c47d2d1e8a"},
    {file = "grpcio-1.83.1-cp313-cp313-linux_armv7l.whl", hash = "sha256:8d228e253b77865efcbdd7b5894ca882c9e0ea98c02b7d20582e61ded8dfd4b5"},
    {file = "grpcio-1.83.1-cp313-cp313-macosx_11_0_universal2.whl", hash = "sha256:0468b627f2987c9a77f7580030207cbd85457ffe52998beff4f0b5c38c58a72c"},
    {file = "grpcio-1.83.1-cp313-cp313-manylinux2014_aarch64.manylinux_2_17_aarch64.whl", hash = "sha256:a6a282e81530cead60bbd752cc04950a57f224379e9821495d6a35bd5ce9b1f4"},
    {file = "grpcio-1.83.1-cp313-cp313-manylinux2014_i686.manylinux_2_17_i686.whl", hash = "sha256:947d945f52e8ecf3cafd2bb7113502a16ccfda3e12c854443094de32d83ad432"},
    {file = "grpcio-1.83.1-cp313-cp313-manylinux2014_x86_64.manylinux_2_17_x86_64.whl", hash = "sha256:55656318d5dd387077396dffb929171ca3966e24bfead9a6c5dba9f889062cb4"},
    {file = "grpcio-1.83.1-cp313-cp313-musllinux_1_2_aarch64.whl", hash = "sha256:9daf5acf4fc9d5f5627229969c2580a91e511779d76e4ccdeb9f4770f05d8bc2"},
    {file = "grpcio-1.83.1-cp313-cp313-musllinux_1_2_i686.whl", hash = "sha256:7b94174cbca93316888f805efbeb08f1c020f7b7493d2d50cc4f6b64ebb7e8bd"},
    {file = "grpcio-1.83.1-cp313-cp313-musllinux_1_2_x86_64.whl", hash = "sha256:65c5a7210911ffe0f67b1cdc5308f9854b6d1f1b345e3e49ab7cac1ba50fa346"},
    {file = "grpcio-1.83.1-cp313-cp313-win32.whl", hash = "sha256:179368d9361854616ce6f397d4716e07480129652752fcbcfc5a7260455ad6f2"},
    {file = "grpcio-1.83.1-cp313-cp313-win_amd64.whl", hash = "sha256:2e57af456385491a76e13c4aada8c8f43a8e47051e06ea97a9dbe2a49654e6db"},
    {file = "grpcio-1.83.1-cp314-cp314-linux_armv7l.whl", hash = "sha256:8b3c87ca908296bf125f841d3e1a2225a2b39aaa8ed7a57e7ccde465ee519bab"},
    {file = "grpcio-1.83.1-cp314-cp314-macosx_11_0_universal2.whl", hash = "sha256:c0f3f20c90e72a171917ae65706500b096a1c3eb5f162c3ce702a2e25635f132"},
    {file = "grpcio-1.83.1-cp314-cp314-manylinux2014_aarch64.manylinux_2_17_aarch64.whl", hash = "sha256:81bbf35a46bf8cad2dfbb2eccc19c711befb58b288acb534bbcd0d74283202a6"},
    {file = "grpcio-1.83.1-cp314-cp314-manylinux2014_i686.manylinux_2_17_i686.whl", hash = "sha256:215cec07d11176507387bda4bf2751816e880f9bff8dc1ca524bfbb8ed8f2fad"},
    {file = "grpcio-1.83.1-cp314-cp314-manylinux2014_x86_64.manylinux_2_17_x86_64.whl", hash = "sha256:abce7d43ec29cd39230fa8339de1a07643b55adc412a454850fbd875349950ff"},
    {file = "grpcio-1.83.1-cp314-cp314-musllinux_1_2_aarch64.whl", hash = "sha256:e256f95a40e3b0183a98556fb7164d24b97eeb353123ccabfcba94712b35ee2a"},
    {file = "grpcio-1.83.1-cp314-cp314-musllinux_1_2_i686.whl", hash = "sha256:2110059146fb0ea216e1ffddb29377b5cc2fd412a5b0a92e102616bd5edf18c2"},
    {file = "grpcio-1.83.1-cp314-cp314-musllinux_1_2_x86_64.whl", hash = "sha256:20d944d967843f8183f9f23d5916388362e5f8eeeae855bbe4354d906dc9f31b"},
    {file = "grpcio-1.83.1-cp314-cp314-win32.whl", hash = "sha256:623c87c6d4a1cb30d82c4e896f95477050f2e01b4a1f8cf91ff2b1abdf89c457"},
    {file = "grpcio-1.83.1-cp314-cp314-win_amd64.whl", hash = "sha256:47e6934ad38779271e2e7cc5f78a63a407cf3d98114c65c1fdbcd3f5a716f29b"},
    {file = "grpcio-1.83.1.tar.gz", hash = "sha256:9cee6fcbf2eb57c4b49451787bfa87be8efc1ca02a0b327dd4b54d44502e362b"},
]

[package.dependencies]
typing-extensions = ">=4.12,<5.0"

[package.extras]
protobuf = ["grpcio-tools (>=1.83.1)"]

[[package]]
name = "h11"
version = "0.16.0"
description = "A pure-Python, bring-your-own-I/O implementation of HTTP/1.1"
optional = false
python-versions = ">=3.8"
groups = ["main"]
files = [
    {file = "h11-0.16.0-py3-none-any.whl", hash = "sha256:63cf8bbe7522de3bf65932fda1d9c2772064ffb3dae62d55932da54b31cb6c86"},
    {file = "h11-0.16.0.tar.gz", hash = "sha256:4e35b956cf45792e4caa5885e69fba00bdbc6ffafbfa020300e549b208ee5ff1"},
]

[[package]]
name = "httpcore"
version = "1.0.9"
description = "A minimal low-level HTTP client."
optional = false
python-versions = ">=3.8"
groups = ["main"]
files = [
    {file = "httpcore-1.0.9-py3-none-any.whl", hash = "sha256:2d400746a40668fc9dec9810239072b40b4484b640a8c38fd654a024c7a1bf55"},
    {file = "httpcore-1.0.9.tar.gz", hash = "sha256:6e34463af53fd2ab5d807f399a9b45ea31c3dfa2276f15a2c3f00afff6e176e8"},
]

[package.dependencies]
certifi = "*"
h11 = ">=0.16"

[package.extras]
asyncio = ["anyio (>=4.0,<5.0)"]
http2 = ["h2 (>=3,<5)"]
socks = ["socksio (==1.*)"]
trio = ["trio (>=0.22.0,<1.0)"]

[[package]]
name = "httpx"
version = "0.28.1"
description = "The next generation HTTP client."
optional = false
python-versions = ">=3.8"
groups = ["main"]
files = [
    {file = "httpx-0.28.1-py3-none-any.whl", hash = "sha256:d909fcccc110f8c7faf814ca82a9a4d816bc5a6dbfea25d6591d6985b8ba59ad"},
    {file = "httpx-0.28.1.tar.gz", hash = "sha256:75e98c5f16b0f35b567856f597f06ff2270a374470a5c2392242528e3e3e42fc"},
]

[package.dependencies]
anyio = "*"
certifi = "*"
httpcore = "==1.*"
idna = "*"

[package.extras]
brotli = ["brotli ; platform_python_implementation == \"CPython\"", "brotlicffi ; platform_python_implementation != \"CPython\""]
cli = ["click (==8.*)", "pygments (==2.*)", "rich (>=10,<14)"]
http2 = ["h2 (>=3,<5)"]
socks = ["socksio (==1.*)"]
zstd = ["zstandard (>=0.18.0)"]

[[package]]
name = "idna"
version = "3.15"
description = "Internationalized Domain Names in Applications (IDNA)"
optional = false
python-versions = ">=3.8"
groups = ["main"]
files = [
    {file = "idna-3.15-py3-none-any.whl", hash = "sha256:048adeaf8c2d788c40fee287673ccaa74c24ffd8dcf09ffa555a2fbb59f10ac8"},
    {file = "idna-3.15.tar.gz", hash = "sha256:ca962446ea538f7092a95e057da437618e886f4d349216d2b1e294abfdb65fdc"},
]

[package.extras]
all = ["mypy (>=1.11.2)", "pytest (>=8.3.2)", "ruff (>=0.6.2)"]

[[package]]
name = "opentelemetry-api"
version = "1.44.0"
description = "OpenTelemetry Python API"
optional = false
python-versions = ">=3.10"
groups = ["tracing"]
files = [
    {file = "opentelemetry_api-1.44.0-py3-none-any.whl", hash = "sha256:94b98c893a91b88657eaac1e3ba89618cdb85be6918196705354f34728b2cdef"},
    {file = "opentelemetry_api-1.44.0.tar.gz", hash = "sha256:67647e5e9566edcf421166fdf022b3537f818635daa852b289e34604dc6fb33a"},
]

[package.dependencies]
typing-extensions = ">=4.5.0"

[[package]]
name = "opentelemetry-exporter-otlp-proto-common"
version = "1.44.0"
description = "OpenTelemetry Protobuf encoding"
optional = false
python-versions = ">=3.10"
groups = ["tracing"]
files = [
    {file = "opentelemetry_exporter_otlp_proto_common-1.44.0-py3-none-any.whl", hash = "sha256:9a9fe61bba73d802904bc989f1d6b4a7b1ee40f06c40e98d6f85af65aaebb694"},
    {file = "opentelemetry_exporter_otlp_proto_common-1.44.0.tar.gz", hash = "sha256:dc87a5a5bc58f149a56d1547e4691588fa12994cdc3bc039a694ccb3375862ac"},
]

[package.dependencies]
opentelemetry-proto = "1.44.0"

[[package]]
name = "opentelemetry-exporter-otlp-proto-grpc"
version = "1.44.0"
description = "OpenTelemetry Collector Protobuf over gRPC Exporter"
optional = false
python-versions = ">=3.10"
groups = ["tracing"]
files = [
    {file = "opentelemetry_exporter_otlp_proto_grpc-1.44.0-py3-none-any.whl", hash = "sha256:6a1a645ea182a2f59440c51fa8301d309f3324a8f9d65f8395584b064b67ee4e"},
    {file = "opentelemetry_exporter_otlp_proto_grpc-1.44.0.tar.gz", hash = "sha256:40d1ae9e03fcc36de3cbac610cc99f35894938bff9cfd90fc4ec68bd85448463"},
]

[package.dependencies]
googleapis-common-protos = ">=1.57,<2.0"
grpcio = [
    {version = ">=1.63.2,<2.0.0", markers = "python_version < \"3.13\""},
    {version = ">=1.66.2,<2.0.0", markers = "python_version == \"3.13\""},
]
opentelemetry-api = ">=1.15,<2.0"
opentelemetry-exporter-otlp-proto-common = "1.44.0"
opentelemetry-proto = "1.44.0"
opentelemetry-sdk = ">=1.44.0,<1.45.0"
typing-extensions = ">=4.6.0"

[package.extras]
gcp-auth = ["opentelemetry-exporter-credential-provider-gcp (>=0.59b0)"]

[[package]]
name = "opentelemetry-proto"
version = "1.44.0"
description = "OpenTelemetry Python Proto"
optional = false
python-versions = ">=3.10"
groups = ["tracing"]
files = [
    {file = "opentelemetry_proto-1.44.0-py3-none-any.whl", hash = "sha256:898b155a0e1557afd867478fb6158e8122a46329ca0bb8dc53cc55e98f017f56"},
    {file = "opentelemetry_proto-1.44.0.tar.gz", hash = "sha256:c547a79c2f8c0c515d31509154682e5921c7cfd5ca67b70e1f9266e2c3e103f3"},
]

[package.dependencies]
protobuf = ">=5.0,<8.0"

[[package]]
name = "opentelemetry-sdk"
version = "1.44.0"
description = "OpenTelemetry Python SDK"
optional = false
python-versions = ">=3.10"
groups = ["tracing"]
files = [
    {file = "opentelemetry_sdk-1.44.0-py3-none-any.whl", hash = "sha256:df081c4c6bcfdb1211e3e86140376792643128a25f8d72d1d27675936e7e96ad"},
    {file = "opentelemetry_sdk-1.44.0.tar.gz", hash = "sha256:cebe7f65dc12f26ead75c6064de12fd2a9052e5060c0272d402cfa203aae123b"},
]

[package.dependencies]
opentelemetry-api = "1.44.0"
opentelemetry-semantic-conventions = "0.65b0"
typing-extensions = ">=4.5.0"

[package.extras]
file-configuration = ["opentelemetry-configuration (==0.65b0)"]

[[package]]
name = "opentelemetry-semantic-conventions"
version = "0.65b0"
description = "OpenTelemetry Semantic Conventions"
optional = false
python-versions = ">=3.10"
groups = ["tracing"]
files = [
    {file = "opentelemetry_semantic_conventions-0.65b0-py3-none-any.whl", hash = "sha256:1cacde7b0ad306f84c5ef08c3dbe1bbaf20165bba6f8bff43b670e555a086bcb"},
    {file = "opentelemetry_semantic_conventions-0.65b0.tar.gz", hash = "sha256:f9b2b81e9d5b64f11bc952075e7e9c7fb0aab075c7fd1c46d597f1b919852d60"},
]

[package.dependencies]
opentelemetry-api = "1.44.0"
typing-extensions = ">=4.5.0"

[[package]]
name = "protobuf"
version = "6.33.6"
description = ""
optional = false
python-versions = ">=3.9"
groups = ["tracing"]
files = [
    {file = "protobuf-6.33.6-cp310-abi3-win32.whl", hash = "sha256:7d29d9b65f8afef196f8334e80d6bc1d5d4adedb449971fefd3723824e6e77d3"},
    {file = "protobuf-6.33.6-cp310-abi3-win_amd64.whl", hash = "sha256:0cd27b587afca21b7cfa59a74dcbd48a50f0a6400cfb59391340ad729d91d326"},
    {file = "protobuf-6.33.6-cp39-abi3-macosx_10_9_universal2.whl", hash = "sha256:9720e6961b251bde64edfdab7d500725a2af5280f3f4c87e57c0208376aa8c3a"},
    {file = "protobuf-6.33.6-cp39-abi3-manylinux2014_aarch64.whl", hash = "sha256:e2afbae9b8e1825e3529f88d514754e094278bb95eadc0e199751cdd9a2e82a2"},
    {file = "protobuf-6.33.6-cp39-abi3-manylinux2014_s390x.whl", hash = "sha256:c96c37eec15086b79762ed265d59ab204dabc53056e3443e702d2681f4b39ce3"},
    {file = "protobuf-6.33.6-cp39-abi3-manylinux2014_x86_64.whl", hash = "sha256:e9db7e292e0ab79dd108d7f1a94fe31601ce1ee3f7b79e0692043423020b0593"},
    {file = "protobuf-6.33.6-cp39-cp39-win32.whl", hash = "sha256:bd56799fb262994b2c2faa1799693c95cc2e22c62f56fb43af311cae45d26f0e"},
    {file = "protobuf-6.33.6-cp39-cp39-win_amd64.whl", hash = "sha256:f443a394af5ed23672bc6c486be138628fbe5c651ccbc536873d7da23d1868cf"},
    {file = "protobuf-6.33.6-py3-none-any.whl", hash = "sha256:77179e006c476e69bf8e8ce866640091ec42e1beb80b213c3900006ecfba6901"},
    {file = "protobuf-6.33.6.tar.gz", hash = "sha256:a6768d25248312c297558af96a9f9c929e8c4cee0659cb07e780731095f38135"},
]

[[package]]
name = "pyyaml"
version = "6.0.3"
description = "YAML parser and emitter for Python"
optional = false
python-versions = ">=3.8"
groups = ["main"]
files = [
    {file = "PyYAML-6.0.3-cp38-cp38-macosx_10_13_x86_64.whl", hash = "sha256:c2514fceb77bc5e7a2f7adfaa1feb2fb311607c9cb518dbc378688ec73d8292f"},
    {file = "PyYAML-6.0.3-cp38-cp38-manylinux2014_aarch64.manylinux_2_17_aarch64.manylinux_2_28_aarch64.whl", hash = "sha256:9c57bb8c96f6d1808c030b1687b9b5fb476abaa47f0db9c0101f5e9f394e97f4"},
    {file = "PyYAML-6.0.3-cp38-cp38-manylinux2014_s390x.manylinux_2_17_s390x.manylinux_2_28_s390x.whl", hash = "sha256:efd7b85f94a6f21e4932043973a7ba2613b059c4a000551892ac9f1d11f5baf3"},
    {file = "PyYAML-6.0.3-cp38-cp38-manylinux2014_x86_64.manylinux_2_17_x86_64.manylinux_2_28_x86_64.whl", hash = "sha256:22ba7cfcad58ef3ecddc7ed1db3409af68d023b7f940da23c6c2a1890976eda6"},
    {file = "PyYAML-6.0.3-cp38-cp38-musllinux_1_2_x86_64.whl", hash = "sha256:6344df0d5755a2c9a276d4473ae6b90647e216ab4757f8426893b5dd2ac3f369"},
    {file = "PyYAML-6.0.3-cp38-cp38-win32.whl", hash = "sha256:3ff07ec89bae51176c0549bc4c63aa6202991da2d9a6129d7aef7f1407d3f295"},
    {file = "PyYAML-6.0.3-cp38-cp38-win_amd64.whl", hash = "sha256:5cf4e27da7e3fbed4d6c3d8e797387aaad68102272f8f9752883bc32d61cb87b"},
    {file = "pyyaml-6.0.3-cp310-cp310-macosx_10_13_x86_64.whl", hash = "sha256:214ed4befebe12df36bcc8bc2b64b396ca31be9304b8f59e25c11cf94a4c033b"},
    {file = "pyyaml-6.0.3-cp310-cp310-macosx_11_0_arm64.whl", hash = "sha256:02ea2dfa234451bbb8772601d7b8e426c2bfa197136796224e50e35a78777956"},
    {file = "pyyaml-6.0.3-cp310-cp310-manylinux2014_aarch64.manylinux_2_17_aarch64.manylinux_2_28_aarch64.whl", hash = "sha256:b30236e45cf30d2b8e7b3e85881719e98507abed1011bf463a8fa23e9c3e98a8"},
    {file = "pyyaml-6.0.3-cp310-cp310-manylinux2014_s390x.manylinux_2_17_s390x.manylinux_2_28_s390x.whl", hash = "sha256:66291b10affd76d76f54fad28e22e51719ef9ba22b29e1d7d03d6777a9174198"},
    {file = "pyyaml-6.0.3-cp310-cp310-manylinux2014_x86_64.manylinux_2_17_x86_64.manylinux_2_28_x86_64.whl", hash = "sha256:9c7708761fccb9397fe64bbc0395abcae8c4bf7b0eac081e12b809bf47700d0b"},
    {file = "pyyaml-6.0.3-cp310-cp310-musllinux_1_2_aarch64.whl", hash = "sha256:418cf3f2111bc80e0933b2cd8cd04f286338bb88bdc7bc8e6dd775ebde60b5e0"},
    {file = "pyyaml-6.0.3-cp310-cp310-musllinux_1_2_x86_64.whl", hash = "sha256:5e0b74767e5f8c593e8c9b5912019159ed0533c70051e9cce3e8b6aa699fcd69"},
    {file = "pyyaml-6.0.3-cp310-cp310-win32.whl", hash = "sha256:28c8d926f98f432f88adc23edf2e6d4921ac26fb084b028c733d01868d19007e"},
    {file = "pyyaml-6.0.3-cp310-cp310-win_amd64.whl", hash = "sha256:bdb2c67c6c1390b63c6ff89f210c8fd09d9a1217a465701eac7316313c915e4c"},
    {file = "pyyaml-6.0.3-cp311-cp311-macosx_10_13_x86_64.whl", hash = "sha256:44edc647873928551a01e7a563d7452ccdebee747728c1080d881d68af7b997e"},
    {file = "pyyaml-6.0.3-cp311-cp311-macosx_11_0_arm64.whl", hash = "sha256:652cb6edd41e718550aad172851962662ff2681490a8a711af6a4d288dd96824"},
    {file = "pyyaml-6.0.3-cp311-cp311-manylinux2014_aarch64.manylinux_2_17_aarch64.manylinux_2_28_aarch64.whl", hash = "sha256:10892704fc220243f5305762e276552a0395f7beb4dbf9b14ec8fd43b57f126c"},
    {file = "pyyaml-6.0.3-cp311-cp311-manylinux2014_s390x.manylinux_2_17_s390x.manylinux_2_28_s390x.whl", hash = "sha256:850774a7879607d3a6f50d36d04f00ee69e7fc816450e5f7e58d7f17f1ae5c00"},
    {file = "pyyaml-6.0.3-cp311-cp311-manylinux2014_x86_64.manylinux_2_17_x86_64.manylinux_2_28_x86_64.whl", hash = "sha256:b8bb0864c5a28024fac8a632c443c87c5aa6f215c0b126c449ae1a150412f31d"},
    {file = "pyyaml-6.0.3-cp311-cp311-musllinux_1_2_aarch64.whl", hash = "sha256:1d37d57ad971609cf3c53ba6a7e365e40660e3be0e5175fa9f2365a379d6095a"},
    {file = "pyyaml-6.0.3-cp311-cp311-musllinux_1_2_x86_64.whl", hash = "sha256:37503bfbfc9d2c40b344d06b2199cf0e96e97957ab1c1b546fd4f87e53e5d3e4"},
    {file = "pyyaml-6.0.3-cp311-cp311-win32.whl", hash = "sha256:8098f252adfa6c80ab48096053f512f2321f0b998f98150cea9bd23d83e1467b"},
    {file = "pyyaml-6.0.3-cp311-cp311-win_amd64.whl", hash = "sha256:9f3bfb4965eb874431221a3ff3fdcddc7e74e3b07799e0e84ca4a0f867d449bf"},
    {file = "pyyaml-6.0.3-cp312-cp312-macosx_10_13_x86_64.whl", hash = "sha256:7f047e29dcae44602496db43be01ad42fc6f1cc0d8cd6c83d342306c32270196"},
    {file = "pyyaml-6.0.3-cp312-cp312-macosx_11_0_arm64.whl", hash = "sha256:fc09d0aa354569bc501d4e787133afc08552722d3ab34836a80547331bb5d4a0"},
    {file = "pyyaml-6.0.3-cp312-cp312-manylinux2014_aarch64.manylinux_2_17_aarch64.manylinux_2_28_aarch64.whl", hash = "sha256:9149cad251584d5fb4981be1ecde53a1ca46c891a79788c0df828d2f166bda28"},
    {file = "pyyaml-6.0.3-cp312-cp312-manylinux2014_s390x.manylinux_2_17_s390x.manylinux_2_28_s390x.whl", hash = "sha256:5fdec68f91a0c6739b380c83b951e2c72ac0197ace422360e6d5a959d8d97b2c"},
    {file = "pyyaml-6.0.3-cp312-cp312-manylinux2014_x86_64.manylinux_2_17_x86_64.manylinux_2_28_x86_64.whl", hash = "sha256:ba1cc08a7ccde2d2ec775841541641e4548226580ab850948cbfda66a1befcdc"},
    {file = "pyyaml-6.0.3-cp312-cp312-musllinux_1_2_aarch64.whl", hash = "sha256:8dc52c23056b9ddd46818a57b78404882310fb473d63f17b07d5c40421e47f8e"},
    {file = "pyyaml-6.0.3-cp312-cp312-musllinux_1_2_x86_64.whl", hash = "sha256:41715c910c881bc081f1e8872880d3c650acf13dfa8214bad49ed4cede7c34ea"},
    {file = "pyyaml-6.0.3-cp312-cp312-win32.whl", hash = "sha256:96b533f0e99f6579b3d4d4995707cf36df9100d67e0c8303a0c55b27b5f99bc5"},
    {file = "pyyaml-6.0.3-cp312-cp312-win_amd64.whl", hash = "sha256:5fcd34e47f6e0b794d17de1b4ff496c00986e1c83f7ab2fb8fcfe9616ff7477b"},
    {file = "pyyaml-6.0.3-cp312-cp312-win_arm64.whl", hash = "sha256:64386e5e707d03a7e172c0701abfb7e10f0fb753ee1d773128192742712a98fd"},
    {file = "pyyaml-6.0.3-cp313-cp313-macosx_10_13_x86_64.whl", hash = "sha256:8da9669d359f02c0b91ccc01cac4a67f16afec0dac22c2ad09f46bee0697eba8"},
    {file = "pyyaml-6.0.3-cp313-cp313-macosx_11_0_arm64.whl", hash = "sha256:2283a07e2c21a2aa78d9c4442724ec1eb15f5e42a723b99cb3d822d48f5f7ad1"},
    {file = "pyyaml-6.0.3-cp313-cp313-manylinux2014_aarch64.manylinux_2_17_aarch64.manylinux_2_28_aarch64.whl", hash = "sha256:ee2922902c45ae8ccada2c5b501ab86c36525b883eff4255313a253a3160861c"},
    {file = "pyyaml-6.0.3-cp313-cp313-manylinux2014_s390x.manylinux_2_17_s390x.manylinux_2_28_s390x.whl", hash = "sha256:a33284e20b78bd4a18c8c2282d549d10bc8408a2a7ff57653c0cf0b9be0afce5"},
    {file = "pyyaml-6.0.3-cp313-cp313-manylinux2014_x86_64.manylinux_2_17_x86_64.manylinux_2_28_x86_64.whl", hash = "sha256:0f29edc409a6392443abf94b9cf89ce99889a1dd5376d94316ae5145dfedd5d6"},
    {file = "pyyaml-6.0.3-cp313-cp313-musllinux_1_2_aarch64.whl", hash = "sha256:f7057c9a337546edc7973c0d3ba84ddcdf0daa14533c2065749c9075001090e6"},
    {file = "pyyaml-6.0.3-cp313-cp313-musllinux_1_2_x86_64.whl", hash = "sha256:eda16858a3cab07b80edaf74336ece1f986ba330fdb8ee0d6c0d68fe82bc96be"},
    {file = "pyyaml-6.0.3-cp313-cp313-win32.whl", hash = "sha256:d0eae10f8159e8fdad514efdc92d74fd8d682c933a6dd088030f3834bc8e6b26"},
    {file = "pyyaml-6.0.3-cp313-cp313-win_amd64.whl", hash = "sha256:79005a0d97d5ddabfeeea4cf676af11e647e41d81c9a7722a193022accdb6b7c"},
    {file = "pyyaml-6.0.3-cp313-cp313-win_arm64.whl", hash = "sha256:5498cd1645aa724a7c71c8f378eb29ebe23da2fc0d7a08071d89469bf1d2defb"},
    {file = "pyyaml-6.0.3-cp314-cp314-macosx_10_13_x86_64.whl", hash = "sha256:8d1fab6bb153a416f9aeb4b8763bc0f22a5586065f86f7664fc23339fc1c1fac"},
    {file = "pyyaml-6.0.3-cp314-cp314-macosx_11_0_arm64.whl", hash = "sha256:34d5fcd24b8445fadc33f9cf348c1047101756fd760b4dacb5c3e99755703310"},
    {file = "pyyaml-6.0.3-cp314-cp314-manylinux2014_aarch64.manylinux_2_17_aarch64.manylinux_2_28_aarch64.whl", hash = "sha256:501a031947e3a9025ed4405a168e6ef5ae3126c59f90ce0cd6f2bfc477be31b7"},
    {file = "pyyaml-6.0.3-cp314-cp314-manylinux2014_s390x.manylinux_2_17_s390x.manylinux_2_28_s390x.whl", hash = "sha256:b3bc83488de33889877a0f2543ade9f70c67d66d9ebb4ac959502e12de895788"},
    {file = "pyyaml-6.0.3-cp314-cp314-manylinux2014_x86_64.manylinux_2_17_x86_64.manylinux_2_28_x86_64.whl", hash = "sha256:c458b6d084f9b935061bc36216e8a69a7e293a2f1e68bf956dcd9e6cbcd143f5"},
    {file = "pyyaml-6.0.3-cp314-cp314-musllinux_1_2_aarch64.whl", hash = "sha256:7c6610def4f163542a622a73fb39f534f8c101d690126992300bf3207eab9764"},
    {file = "pyyaml-6.0.3-cp314-cp314-musllinux_1_2_x86_64.whl", hash = "sha256:5190d403f121660ce8d1d2c1bb2ef1bd05b5f68533fc5c2ea899bd15f4399b35"},
    {file = "pyyaml-6.0.3-cp314-cp314-win_amd64.whl", hash = "sha256:4a2e8cebe2ff6ab7d1050ecd59c25d4c8bd7e6f400f5f82b96557ac0abafd0ac"},
    {file = "pyyaml-6.0.3-cp314-cp314-win_arm64.whl", hash = "sha256:93dda82c9c22deb0a405ea4dc5f2d0cda384168e466364dec6255b293923b2f3"},
    {file = "pyyaml-6.0.3-cp314-cp314t-macosx_10_13_x86_64.whl", hash = "sha256:02893d100e99e03eda1c8fd5c441d8c60103fd175728e23e431db1b589cf5ab3"},
    {file = "pyyaml-6.0.3-cp314-cp314t-macosx_11_0_arm64.whl", hash = "sha256:c1ff362665ae507275af2853520967820d9124984e0f7466736aea23d8611fba"},
    {file = "pyyaml-6.0.3-cp314-cp314t-manylinux2014_aarch64.manylinux_2_17_aarch64.manylinux_2_28_aarch64.whl", hash = "sha256:6adc77889b628398debc7b65c073bcb99c4a0237b248cacaf3fe8a557563ef6c"},
    {file = "pyyaml-6.0.3-cp314-cp314t-manylinux2014_s390x.manylinux_2_17_s390x.manylinux_2_28_s390x.whl", hash = "sha256:a80cb027f6b349846a3bf6d73b5e95e782175e52f22108cfa17876aaeff93702"},
    {file = "pyyaml-6.0.3-cp314-cp314t-manylinux2014_x86_64.manylinux_2_17_x86_64.manylinux_2_28_x86_64.whl", hash = "sha256:00c4bdeba853cc34e7dd471f16b4114f4162dc03e6b7afcc2128711f0eca823c"},
    {file = "pyyaml-6.0.3-cp314-cp314t-musllinux_1_2_aarch64.whl", hash = "sha256:66e1674c3ef6f541c35191caae2d429b967b99e02040f5ba928632d9a7f0f065"},
    {file = "pyyaml-6.0.3-cp314-cp314t-musllinux_1_2_x86_64.whl", hash = "sha256:16249ee61e95f858e83976573de0f5b2893b3677ba71c9dd36b9cf8be9ac6d65"},
    {file = "pyyaml-6.0.3-cp314-cp314t-win_amd64.whl", hash = "sha256:4ad1906908f2f5ae4e5a8ddfce73c320c2a1429ec52eafd27138b7f1cbe341c9"},
    {file = "pyyaml-6.0.3-cp314-cp314t-win_arm64.whl", hash = "sha256:ebc55a14a21cb14062aa4162f906cd962b28e2e9ea38f9b4391244cd8de4ae0b"},
    {file = "pyyaml-6.0.3-cp39-cp39-macosx_10_13_x86_64.whl", hash = "sha256:b865addae83924361678b652338317d1bd7e79b1f4596f96b96c77a5a34b34da"},
    {file = "pyyaml-6.0.3-cp39-cp39-macosx_11_0_arm64.whl", hash = "sha256:c3355370a2c156cffb25e876646f149d5d68f5e0a3ce86a5084dd0b64a994917"},
    {file = "pyyaml-6.0.3-cp39-cp39-manylinux2014_aarch64.manylinux_2_17_aarch64.manylinux_2_28_aarch64.whl", hash = "sha256:3c5677e12444c15717b902a5798264fa7909e41153cdf9ef7ad571b704a63dd9"},
    {file = "pyyaml-6.0.3-cp39-cp39-manylinux2014_s390x.manylinux_2_17_s390x.manylinux_2_28_s390x.whl", hash = "sha256:5ed875a24292240029e4483f9d4a4b8a1ae08843b9c54f43fcc11e404532a8a5"},
    {file = "pyyaml-6.0.3-cp39-cp39-manylinux2014_x86_64.manylinux_2_17_x86_64.manylinux_2_28_x86_64.whl", hash = "sha256:0150219816b6a1fa26fb4699fb7daa9caf09eb1999f3b70fb6e786805e80375a"},
    {file = "pyyaml-6.0.3-cp39-cp39-musllinux_1_2_aarch64.whl", hash = "sha256:fa160448684b4e94d80416c0fa4aac48967a969efe22931448d853ada8baf926"},
    {file = "pyyaml-6.0.3-cp39-cp39-musllinux_1_2_x86_64.whl", hash = "sha256:27c0abcb4a5dac13684a37f76e701e054692a9b2d3064b70f5e4eb54810553d7"},
    {file = "pyyaml-6.0.3-cp39-cp39-win32.whl", hash = "sha256:1ebe39cb5fc479422b83de611d14e2c0d3bb2a18bbcb01f229ab3cfbd8fee7a0"},
    {file = "pyyaml-6.0.3-cp39-cp39-win_amd64.whl", hash = "sha256:2e71d11abed7344e42a8849600193d15b6def118602c4c176f748e4583246007"},
    {file = "pyyaml-6.0.3.tar.gz", hash = "sha256:d76623373421df22fb4cf8817020cbb7ef15c725b9d5e45f17e189bfc384190f"},
]

[[package]]
name = "typing-extensions"
version = "4.16.0"
description = "Backported and Experimental Type Hints for Python 3.9+"
optional = false
python-versions = ">=3.9"
groups = ["main", "tracing"]
files = [
    {file = "typing_extensions-4.16.0-py3-none-any.whl", hash = "sha256:481caa481374e813c1b176ada14e97f1f67a4539ce9cfeb3f350d78d6370c2e8"},
    {file = "typing_extensions-4.16.0.tar.gz", hash = "sha256:dc983d19a509c94dba722ee6abd33940f7c05a89e243c47e907eb4db6f1a43e5"},
]
markers = {main = "python_version < \"3.13\""}

[metadata]
lock-version = "2.1"
python-versions = ">=3.10,<3.14"
content-hash = "a11fea503487559e02cf25e000dbc25aa628b3d941a589ed0642aca73e8aa658"
